
Microsoft Visual Studio Solution File, Format Version 12.00
# Visual Studio Version 16
VisualStudioVersion = 16.0.30323.103
MinimumVisualStudioVersion = 10.0.40219.1
Project("{9A19103F-16F7-4668-BE54-9A1E7A4F7556}") = "SpeciFire", "SpeciFire\SpeciFire.csproj", "{B53C65E8-B72D-4578-A2BE-BA307F9DE5FF}"
EndProject
Global
	GlobalSection(SolutionConfigurationPlatforms) = preSolution
		Debug|Any CPU = Debug|Any CPU
		Release|Any CPU = Release|Any CPU
	EndGlobalSection
	GlobalSection(ProjectConfigurationPlatforms) = postSolution
		{B53C65E8-B72D-4578-A2BE-BA307F9DE5FF}.Debug|Any CPU.ActiveCfg = Debug|Any CPU
		{B53C65E8-B72D-4578-A2BE-BA307F9DE5FF}.Debug|Any CPU.Build.0 = Debug|Any CPU
		{B53C65E8-B72D-4578-A2BE-BA307F9DE5FF}.Release|Any CPU.ActiveCfg = Release|Any CPU
		{B53C65E8-B72D-4578-A2BE-BA307F9DE5FF}.Release|Any CPU.Build.0 = Release|Any CPU
	EndGlobalSection
	GlobalSection(SolutionProperties) = preSolution
		HideSolutionNode = FALSE
	EndGlobalSection
	GlobalSection(ExtensibilityGlobals) = postSolution
		SolutionGuid = {2AF2EF9C-CC1B-45E0-9798-30A4301E7F81}
	EndGlobalSection
EndGlobal
